
Microsoft Visual Studio Solution File, Format Version 12.00
# Visual Studio 15
VisualStudioVersion = 15.0.26730.8
MinimumVisualStudioVersion = 10.0.40219.1
Project("{FAE04EC0-301F-11D3-BF4B-00C04F79EFBC}") = "Madplan.Android", "Madplan\Madplan.Android\Madplan.Android.csproj", "{5395C282-FF15-4FFD-B5E6-7F48A07800AD}"
EndProject
Project("{FAE04EC0-301F-11D3-BF4B-00C04F79EFBC}") = "Madplan", "Madplan\Madplan\Madplan.csproj", "{52D586BD-E081-420A-AA53-157A188FB1ED}"
EndProject
Project("{FAE04EC0-301F-11D3-BF4B-00C04F79EFBC}") = "Madplan.iOS", "Madplan\Madplan.iOS\Madplan.iOS.csproj", "{49C9FB41-7B36-40C6-9F0B-1D40E0D4FD88}"
EndProject
Global
	GlobalSection(SolutionConfigurationPlatforms) = preSolution
		Ad-Hoc|Any CPU = Ad-Hoc|Any CPU
		Ad-Hoc|iPhone = Ad-Hoc|iPhone
		Ad-Hoc|iPhoneSimulator = Ad-Hoc|iPhoneSimulator
		AppStore|Any CPU = AppStore|Any CPU
		AppStore|iPhone = AppStore|iPhone
		AppStore|iPhoneSimulator = AppStore|iPhoneSimulator
		Debug|Any CPU = Debug|Any CPU
		Debug|iPhone = Debug|iPhone
		Debug|iPhoneSimulator = Debug|iPhoneSimulator
		Release|Any CPU = Release|Any CPU
		Release|iPhone = Release|iPhone
		Release|iPhoneSimulator = Release|iPhoneSimulator
	EndGlobalSection
	GlobalSection(ProjectConfigurationPlatforms) = postSolution
		{5395C282-FF15-4FFD-B5E6-7F48A07800AD}.Ad-Hoc|Any CPU.ActiveCfg = Release|Any CPU
		{5395C282-FF15-4FFD-B5E6-7F48A07800AD}.Ad-Hoc|Any CPU.Build.0 = Release|Any CPU
		{5395C282-FF15-4FFD-B5E6-7F48A07800AD}.Ad-Hoc|Any CPU.Deploy.0 = Release|Any CPU
		{5395C282-FF15-4FFD-B5E6-7F48A07800AD}.Ad-Hoc|iPhone.ActiveCfg = Release|Any CPU
		{5395C282-FF15-4FFD-B5E6-7F48A07800AD}.Ad-Hoc|iPhone.Build.0 = Release|Any CPU
		{5395C282-FF15-4FFD-B5E6-7F48A07800AD}.Ad-Hoc|iPhone.Deploy.0 = Release|Any CPU
		{5395C282-FF15-4FFD-B5E6-7F48A07800AD}.Ad-Hoc|iPhoneSimulator.ActiveCfg = Release|Any CPU
		{5395C282-FF15-4FFD-B5E6-7F48A07800AD}.Ad-Hoc|iPhoneSimulator.Build.0 = Release|Any CPU
		{5395C282-FF15-4FFD-B5E6-7F48A07800AD}.Ad-Hoc|iPhoneSimulator.Deploy.0 = Release|Any CPU
		{5395C282-FF15-4FFD-B5E6-7F48A07800AD}.AppStore|Any CPU.ActiveCfg = Release|Any CPU
		{5395C282-FF15-4FFD-B5E6-7F48A07800AD}.AppStore|Any CPU.Build.0 = Release|Any CPU
		{5395C282-FF15-4FFD-B5E6-7F48A07800AD}.AppStore|Any CPU.Deploy.0 = Release|Any CPU
		{5395C282-FF15-4FFD-B5E6-7F48A07800AD}.AppStore|iPhone.ActiveCfg = Release|Any CPU
		{5395C282-FF15-4FFD-B5E6-7F48A07800AD}.AppStore|iPhone.Build.0 = Release|Any CPU
		{5395C282-FF15-4FFD-B5E6-7F48A07800AD}.AppStore|iPhone.Deploy.0 = Release|Any CPU
		{5395C282-FF15-4FFD-B5E6-7F48A07800AD}.AppStore|iPhoneSimulator.ActiveCfg = Release|Any CPU
		{5395C282-FF15-4FFD-B5E6-7F48A07800AD}.AppStore|iPhoneSimulator.Build.0 = Release|Any CPU
		{5395C282-FF15-4FFD-B5E6-7F48A07800AD}.AppStore|iPhoneSimulator.Deploy.0 = Release|Any CPU
		{5395C282-FF15-4FFD-B5E6-7F48A07800AD}.Debug|Any CPU.ActiveCfg = Debug|Any CPU
		{5395C282-FF15-4FFD-B5E6-7F48A07800AD}.Debug|Any CPU.Build.0 = Debug|Any CPU
		{5395C282-FF15-4FFD-B5E6-7F48A07800AD}.Debug|Any CPU.Deploy.0 = Debug|Any CPU
		{5395C282-FF15-4FFD-B5E6-7F48A07800AD}.Debug|iPhone.ActiveCfg = Debug|Any CPU
		{5395C282-FF15-4FFD-B5E6-7F48A07800AD}.Debug|iPhone.Build.0 = Debug|Any CPU
		{5395C282-FF15-4FFD-B5E6-7F48A07800AD}.Debug|iPhone.Deploy.0 = Debug|Any CPU
		{5395C282-FF15-4FFD-B5E6-7F48A07800AD}.Debug|iPhoneSimulator.ActiveCfg = Debug|Any CPU
		{5395C282-FF15-4FFD-B5E6-7F48A07800AD}.Debug|iPhoneSimulator.Build.0 = Debug|Any CPU
		{5395C282-FF15-4FFD-B5E6-7F48A07800AD}.Debug|iPhoneSimulator.Deploy.0 = Debug|Any CPU
		{5395C282-FF15-4FFD-B5E6-7F48A07800AD}.Release|Any CPU.ActiveCfg = Release|Any CPU
		{5395C282-FF15-4FFD-B5E6-7F48A07800AD}.Release|Any CPU.Build.0 = Release|Any CPU
		{5395C282-FF15-4FFD-B5E6-7F48A07800AD}.Release|Any CPU.Deploy.0 = Release|Any CPU
		{5395C282-FF15-4FFD-B5E6-7F48A07800AD}.Release|iPhone.ActiveCfg = Release|Any CPU
		{5395C282-FF15-4FFD-B5E6-7F48A07800AD}.Release|iPhone.Build.0 = Release|Any CPU
		{5395C282-FF15-4FFD-B5E6-7F48A07800AD}.Release|iPhone.Deploy.0 = Release|Any CPU
		{5395C282-FF15-4FFD-B5E6-7F48A07800AD}.Release|iPhoneSimulator.ActiveCfg = Release|Any CPU
		{5395C282-FF15-4FFD-B5E6-7F48A07800AD}.Release|iPhoneSimulator.Build.0 = Release|Any CPU
		{5395C282-FF15-4FFD-B5E6-7F48A07800AD}.Release|iPhoneSimulator.Deploy.0 = Release|Any CPU
		{52D586BD-E081-420A-AA53-157A188FB1ED}.Ad-Hoc|Any CPU.ActiveCfg = Release|Any CPU
		{52D586BD-E081-420A-AA53-157A188FB1ED}.Ad-Hoc|Any CPU.Build.0 = Release|Any CPU
		{52D586BD-E081-420A-AA53-157A188FB1ED}.Ad-Hoc|iPhone.ActiveCfg = Release|Any CPU
		{52D586BD-E081-420A-AA53-157A188FB1ED}.Ad-Hoc|iPhone.Build.0 = Release|Any CPU
		{52D586BD-E081-420A-AA53-157A188FB1ED}.Ad-Hoc|iPhoneSimulator.ActiveCfg = Release|Any CPU
		{52D586BD-E081-420A-AA53-157A188FB1ED}.Ad-Hoc|iPhoneSimulator.Build.0 = Release|Any CPU
		{52D586BD-E081-420A-AA53-157A188FB1ED}.AppStore|Any CPU.ActiveCfg = Release|Any CPU
		{52D586BD-E081-420A-AA53-157A188FB1ED}.AppStore|Any CPU.Build.0 = Release|Any CPU
		{52D586BD-E081-420A-AA53-157A188FB1ED}.AppStore|iPhone.ActiveCfg = Release|Any CPU
		{52D586BD-E081-420A-AA53-157A188FB1ED}.AppStore|iPhone.Build.0 = Release|Any CPU
		{52D586BD-E081-420A-AA53-157A188FB1ED}.AppStore|iPhoneSimulator.ActiveCfg = Release|Any CPU
		{52D586BD-E081-420A-AA53-157A188FB1ED}.AppStore|iPhoneSimulator.Build.0 = Release|Any CPU
		{52D586BD-E081-420A-AA53-157A188FB1ED}.Debug|Any CPU.ActiveCfg = Debug|Any CPU
		{52D586BD-E081-420A-AA53-157A188FB1ED}.Debug|Any CPU.Build.0 = Debug|Any CPU
		{52D586BD-E081-420A-AA53-157A188FB1ED}.Debug|iPhone.ActiveCfg = Debug|Any CPU
		{52D586BD-E081-420A-AA53-157A188FB1ED}.Debug|iPhone.Build.0 = Debug|Any CPU
		{52D586BD-E081-420A-AA53-157A188FB1ED}.Debug|iPhoneSimulator.ActiveCfg = Debug|Any CPU
		{52D586BD-E081-420A-AA53-157A188FB1ED}.Debug|iPhoneSimulator.Build.0 = Debug|Any CPU
		{52D586BD-E081-420A-AA53-157A188FB1ED}.Release|Any CPU.ActiveCfg = Release|Any CPU
		{52D586BD-E081-420A-AA53-157A188FB1ED}.Release|Any CPU.Build.0 = Release|Any CPU
		{52D586BD-E081-420A-AA53-157A188FB1ED}.Release|iPhone.ActiveCfg = Release|Any CPU
		{52D586BD-E081-420A-AA53-157A188FB1ED}.Release|iPhone.Build.0 = Release|Any CPU
		{52D586BD-E081-420A-AA53-157A188FB1ED}.Release|iPhoneSimulator.ActiveCfg = Release|Any CPU
		{52D586BD-E081-420A-AA53-157A188FB1ED}.Release|iPhoneSimulator.Build.0 = Release|Any CPU
		{49C9FB41-7B36-40C6-9F0B-1D40E0D4FD88}.Ad-Hoc|Any CPU.ActiveCfg = Ad-Hoc|iPhone
		{49C9FB41-7B36-40C6-9F0B-1D40E0D4FD88}.Ad-Hoc|iPhone.ActiveCfg = Ad-Hoc|iPhone
		{49C9FB41-7B36-40C6-9F0B-1D40E0D4FD88}.Ad-Hoc|iPhone.Build.0 = Ad-Hoc|iPhone
		{49C9FB41-7B36-40C6-9F0B-1D40E0D4FD88}.Ad-Hoc|iPhoneSimulator.ActiveCfg = Ad-Hoc|iPhoneSimulator
		{49C9FB41-7B36-40C6-9F0B-1D40E0D4FD88}.Ad-Hoc|iPhoneSimulator.Build.0 = Ad-Hoc|iPhoneSimulator
		{49C9FB41-7B36-40C6-9F0B-1D40E0D4FD88}.AppStore|Any CPU.ActiveCfg = AppStore|iPhone
		{49C9FB41-7B36-40C6-9F0B-1D40E0D4FD88}.AppStore|iPhone.ActiveCfg = AppStore|iPhone
		{49C9FB41-7B36-40C6-9F0B-1D40E0D4FD88}.AppStore|iPhone.Build.0 = AppStore|iPhone
		{49C9FB41-7B36-40C6-9F0B-1D40E0D4FD88}.AppStore|iPhoneSimulator.ActiveCfg = AppStore|iPhoneSimulator
		{49C9FB41-7B36-40C6-9F0B-1D40E0D4FD88}.AppStore|iPhoneSimulator.Build.0 = AppStore|iPhoneSimulator
		{49C9FB41-7B36-40C6-9F0B-1D40E0D4FD88}.Debug|Any CPU.ActiveCfg = Debug|iPhone
		{49C9FB41-7B36-40C6-9F0B-1D40E0D4FD88}.Debug|iPhone.ActiveCfg = Debug|iPhone
		{49C9FB41-7B36-40C6-9F0B-1D40E0D4FD88}.Debug|iPhone.Build.0 = Debug|iPhone
		{49C9FB41-7B36-40C6-9F0B-1D40E0D4FD88}.Debug|iPhoneSimulator.ActiveCfg = Debug|iPhoneSimulator
		{49C9FB41-7B36-40C6-9F0B-1D40E0D4FD88}.Debug|iPhoneSimulator.Build.0 = Debug|iPhoneSimulator
		{49C9FB41-7B36-40C6-9F0B-1D40E0D4FD88}.Release|Any CPU.ActiveCfg = Release|iPhone
		{49C9FB41-7B36-40C6-9F0B-1D40E0D4FD88}.Release|iPhone.ActiveCfg = Release|iPhone
		{49C9FB41-7B36-40C6-9F0B-1D40E0D4FD88}.Release|iPhone.Build.0 = Release|iPhone
		{49C9FB41-7B36-40C6-9F0B-1D40E0D4FD88}.Release|iPhoneSimulator.ActiveCfg = Release|iPhoneSimulator
		{49C9FB41-7B36-40C6-9F0B-1D40E0D4FD88}.Release|iPhoneSimulator.Build.0 = Release|iPhoneSimulator
	EndGlobalSection
	GlobalSection(SolutionProperties) = preSolution
		HideSolutionNode = FALSE
	EndGlobalSection
	GlobalSection(ExtensibilityGlobals) = postSolution
		SolutionGuid = {14EF9277-65E1-4A99-B9A7-A2EA16079E36}
	EndGlobalSection
EndGlobal
